
Microsoft Visual Studio Solution File, Format Version 12.00
# Visual Studio Version 16
VisualStudioVersion = 16.0.30717.126
MinimumVisualStudioVersion = 10.0.40219.1
Project("{FAE04EC0-301F-11D3-BF4B-00C04F79EFBC}") = "01. Sum Adjacent Equal Numbers", "01. Sum Adjacent Equal Numbers\01. Sum Adjacent Equal Numbers.csproj", "{AAE5313A-2438-4D3C-A7E6-A3A7C6A68688}"
EndProject
Project("{FAE04EC0-301F-11D3-BF4B-00C04F79EFBC}") = "02. Gauss' Trick", "02. Gauss' Trick\02. Gauss' Trick.csproj", "{E859CEC6-B4CE-46B5-985A-5598BB13C731}"
EndProject
Project("{FAE04EC0-301F-11D3-BF4B-00C04F79EFBC}") = "03. Merging Lists", "03. Merging Lists\03. Merging Lists.csproj", "{BF8F1F01-6CF6-4DCA-9E1F-A59063DD53CA}"
EndProject
Project("{FAE04EC0-301F-11D3-BF4B-00C04F79EFBC}") = "04. List of Products", "04. List of Products\04. List of Products.csproj", "{79BF3252-F97C-488B-8883-5FAF05249D05}"
EndProject
Project("{FAE04EC0-301F-11D3-BF4B-00C04F79EFBC}") = "05. Remove Negatives and Reverse", "05. Remove Negatives and Reverse\05. Remove Negatives and Reverse.csproj", "{C3845216-F8B6-464C-8F32-A70C30D08C8E}"
EndProject
Project("{FAE04EC0-301F-11D3-BF4B-00C04F79EFBC}") = "06. List Manipulation Basics", "06. List Manipulation Basics\06. List Manipulation Basics.csproj", "{B77CDE04-1D2A-4EBA-984A-C618A66EEDDC}"
EndProject
Project("{FAE04EC0-301F-11D3-BF4B-00C04F79EFBC}") = "07. List Manipulation Advanced", "07. List Manipulation Advanced\07. List Manipulation Advanced.csproj", "{98ECB1F3-B2A8-48BF-8FB4-198B60706F88}"
EndProject
Global
	GlobalSection(SolutionConfigurationPlatforms) = preSolution
		Debug|Any CPU = Debug|Any CPU
		Release|Any CPU = Release|Any CPU
	EndGlobalSection
	GlobalSection(ProjectConfigurationPlatforms) = postSolution
		{AAE5313A-2438-4D3C-A7E6-A3A7C6A68688}.Debug|Any CPU.ActiveCfg = Debug|Any CPU
		{AAE5313A-2438-4D3C-A7E6-A3A7C6A68688}.Debug|Any CPU.Build.0 = Debug|Any CPU
		{AAE5313A-2438-4D3C-A7E6-A3A7C6A68688}.Release|Any CPU.ActiveCfg = Release|Any CPU
		{AAE5313A-2438-4D3C-A7E6-A3A7C6A68688}.Release|Any CPU.Build.0 = Release|Any CPU
		{E859CEC6-B4CE-46B5-985A-5598BB13C731}.Debug|Any CPU.ActiveCfg = Debug|Any CPU
		{E859CEC6-B4CE-46B5-985A-5598BB13C731}.Debug|Any CPU.Build.0 = Debug|Any CPU
		{E859CEC6-B4CE-46B5-985A-5598BB13C731}.Release|Any CPU.ActiveCfg = Release|Any CPU
		{E859CEC6-B4CE-46B5-985A-5598BB13C731}.Release|Any CPU.Build.0 = Release|Any CPU
		{BF8F1F01-6CF6-4DCA-9E1F-A59063DD53CA}.Debug|Any CPU.ActiveCfg = Debug|Any CPU
		{BF8F1F01-6CF6-4DCA-9E1F-A59063DD53CA}.Debug|Any CPU.Build.0 = Debug|Any CPU
		{BF8F1F01-6CF6-4DCA-9E1F-A59063DD53CA}.Release|Any CPU.ActiveCfg = Release|Any CPU
		{BF8F1F01-6CF6-4DCA-9E1F-A59063DD53CA}.Release|Any CPU.Build.0 = Release|Any CPU
		{79BF3252-F97C-488B-8883-5FAF05249D05}.Debug|Any CPU.ActiveCfg = Debug|Any CPU
		{79BF3252-F97C-488B-8883-5FAF05249D05}.Debug|Any CPU.Build.0 = Debug|Any CPU
		{79BF3252-F97C-488B-8883-5FAF05249D05}.Release|Any CPU.ActiveCfg = Release|Any CPU
		{79BF3252-F97C-488B-8883-5FAF05249D05}.Release|Any CPU.Build.0 = Release|Any CPU
		{C3845216-F8B6-464C-8F32-A70C30D08C8E}.Debug|Any CPU.ActiveCfg = Debug|Any CPU
		{C3845216-F8B6-464C-8F32-A70C30D08C8E}.Debug|Any CPU.Build.0 = Debug|Any CPU
		{C3845216-F8B6-464C-8F32-A70C30D08C8E}.Release|Any CPU.ActiveCfg = Release|Any CPU
		{C3845216-F8B6-464C-8F32-A70C30D08C8E}.Release|Any CPU.Build.0 = Release|Any CPU
		{B77CDE04-1D2A-4EBA-984A-C618A66EEDDC}.Debug|Any CPU.ActiveCfg = Debug|Any CPU
		{B77CDE04-1D2A-4EBA-984A-C618A66EEDDC}.Debug|Any CPU.Build.0 = Debug|Any CPU
		{B77CDE04-1D2A-4EBA-984A-C618A66EEDDC}.Release|Any CPU.ActiveCfg = Release|Any CPU
		{B77CDE04-1D2A-4EBA-984A-C618A66EEDDC}.Release|Any CPU.Build.0 = Release|Any CPU
		{98ECB1F3-B2A8-48BF-8FB4-198B60706F88}.Debug|Any CPU.ActiveCfg = Debug|Any CPU
		{98ECB1F3-B2A8-48BF-8FB4-198B60706F88}.Debug|Any CPU.Build.0 = Debug|Any CPU
		{98ECB1F3-B2A8-48BF-8FB4-198B60706F88}.Release|Any CPU.ActiveCfg = Release|Any CPU
		{98ECB1F3-B2A8-48BF-8FB4-198B60706F88}.Release|Any CPU.Build.0 = Release|Any CPU
	EndGlobalSection
	GlobalSection(SolutionProperties) = preSolution
		HideSolutionNode = FALSE
	EndGlobalSection
	GlobalSection(ExtensibilityGlobals) = postSolution
		SolutionGuid = {6799E72C-CBB3-43C3-BB78-3A5917FFD809}
	EndGlobalSection
EndGlobal
