
Microsoft Visual Studio Solution File, Format Version 12.00
# Visual Studio Version 16
VisualStudioVersion = 16.0.30717.126
MinimumVisualStudioVersion = 10.0.40219.1
Project("{9A19103F-16F7-4668-BE54-9A1E7A4F7556}") = "01.AdvertismentMessige", "01.AdvertismentMessige\01.AdvertismentMessige.csproj", "{4DDE2A1D-894D-4730-B8AA-E2A89B200D79}"
EndProject
Project("{9A19103F-16F7-4668-BE54-9A1E7A4F7556}") = "02.Articles", "02.Articles\02.Articles.csproj", "{3ADBCEEC-1E48-4563-978A-CCC96BE669EE}"
EndProject
Project("{9A19103F-16F7-4668-BE54-9A1E7A4F7556}") = "04Students", "04Students\04Students.csproj", "{8820011D-1D32-4569-8E14-E55B853792E1}"
EndProject
Project("{9A19103F-16F7-4668-BE54-9A1E7A4F7556}") = "5. Teamwork Projects", "5. Teamwork Projects\5. Teamwork Projects.csproj", "{7BBA4B13-5CD9-41DD-8A0C-8B685BCF2BCD}"
EndProject
Project("{9A19103F-16F7-4668-BE54-9A1E7A4F7556}") = "6. Vehicle Catalogue", "6. Vehicle Catalogue\6. Vehicle Catalogue.csproj", "{7FDB7949-95F9-4BD0-AEFB-A50C7BA8AD6D}"
EndProject
Project("{FAE04EC0-301F-11D3-BF4B-00C04F79EFBC}") = "7. Order by Age", "7. Order by Age\7. Order by Age.csproj", "{E2969468-ED21-47D4-91E3-5F12B08C1587}"
EndProject
Global
	GlobalSection(SolutionConfigurationPlatforms) = preSolution
		Debug|Any CPU = Debug|Any CPU
		Release|Any CPU = Release|Any CPU
	EndGlobalSection
	GlobalSection(ProjectConfigurationPlatforms) = postSolution
		{4DDE2A1D-894D-4730-B8AA-E2A89B200D79}.Debug|Any CPU.ActiveCfg = Debug|Any CPU
		{4DDE2A1D-894D-4730-B8AA-E2A89B200D79}.Debug|Any CPU.Build.0 = Debug|Any CPU
		{4DDE2A1D-894D-4730-B8AA-E2A89B200D79}.Release|Any CPU.ActiveCfg = Release|Any CPU
		{4DDE2A1D-894D-4730-B8AA-E2A89B200D79}.Release|Any CPU.Build.0 = Release|Any CPU
		{3ADBCEEC-1E48-4563-978A-CCC96BE669EE}.Debug|Any CPU.ActiveCfg = Debug|Any CPU
		{3ADBCEEC-1E48-4563-978A-CCC96BE669EE}.Debug|Any CPU.Build.0 = Debug|Any CPU
		{3ADBCEEC-1E48-4563-978A-CCC96BE669EE}.Release|Any CPU.ActiveCfg = Release|Any CPU
		{3ADBCEEC-1E48-4563-978A-CCC96BE669EE}.Release|Any CPU.Build.0 = Release|Any CPU
		{8820011D-1D32-4569-8E14-E55B853792E1}.Debug|Any CPU.ActiveCfg = Debug|Any CPU
		{8820011D-1D32-4569-8E14-E55B853792E1}.Debug|Any CPU.Build.0 = Debug|Any CPU
		{8820011D-1D32-4569-8E14-E55B853792E1}.Release|Any CPU.ActiveCfg = Release|Any CPU
		{8820011D-1D32-4569-8E14-E55B853792E1}.Release|Any CPU.Build.0 = Release|Any CPU
		{7BBA4B13-5CD9-41DD-8A0C-8B685BCF2BCD}.Debug|Any CPU.ActiveCfg = Debug|Any CPU
		{7BBA4B13-5CD9-41DD-8A0C-8B685BCF2BCD}.Debug|Any CPU.Build.0 = Debug|Any CPU
		{7BBA4B13-5CD9-41DD-8A0C-8B685BCF2BCD}.Release|Any CPU.ActiveCfg = Release|Any CPU
		{7BBA4B13-5CD9-41DD-8A0C-8B685BCF2BCD}.Release|Any CPU.Build.0 = Release|Any CPU
		{7FDB7949-95F9-4BD0-AEFB-A50C7BA8AD6D}.Debug|Any CPU.ActiveCfg = Debug|Any CPU
		{7FDB7949-95F9-4BD0-AEFB-A50C7BA8AD6D}.Debug|Any CPU.Build.0 = Debug|Any CPU
		{7FDB7949-95F9-4BD0-AEFB-A50C7BA8AD6D}.Release|Any CPU.ActiveCfg = Release|Any CPU
		{7FDB7949-95F9-4BD0-AEFB-A50C7BA8AD6D}.Release|Any CPU.Build.0 = Release|Any CPU
		{E2969468-ED21-47D4-91E3-5F12B08C1587}.Debug|Any CPU.ActiveCfg = Debug|Any CPU
		{E2969468-ED21-47D4-91E3-5F12B08C1587}.Debug|Any CPU.Build.0 = Debug|Any CPU
		{E2969468-ED21-47D4-91E3-5F12B08C1587}.Release|Any CPU.ActiveCfg = Release|Any CPU
		{E2969468-ED21-47D4-91E3-5F12B08C1587}.Release|Any CPU.Build.0 = Release|Any CPU
	EndGlobalSection
	GlobalSection(SolutionProperties) = preSolution
		HideSolutionNode = FALSE
	EndGlobalSection
	GlobalSection(ExtensibilityGlobals) = postSolution
		SolutionGuid = {1E60F38A-AA11-4965-B507-5D154C1FD121}
	EndGlobalSection
EndGlobal
